github.com/boltdb/bolt v0.0.0-20171120010307-9da317453632 h1:MFw4sLe0rZgBFYnyNpgARfYHxmpC/ztz4tVQBo2jArU=
github.com/boltdb/bolt v0.0.0-20171120010307-9da317453632/go.mod h1:clJnj/oiGkjum5o1McbSZDSLxVThjynRyGBgiAx27Ps=
github.com/golang/protobuf v1.2.0 h1:P3YflyNX/ehuJFLhxviNdFxQPkGK5cDcApsge1SqnvM=
github.com/golang/protobuf v1.2.0/go.mod h1:6lQm79b+lXiMfvg/cZm0SGofjICqVBUtrP5yJMmIC1U=
github.com/gorilla/securecookie v1.1.1 h1:miw7JPhV+b/lAHSXz4qd/nN9jRiAFV5FwjeKyCS8BvQ=
github.com/gorilla/securecookie v1.1.1/go.mod h1:ra0sb63/xPlUeL+yeDciTfxMRAA+MP+HVt/4epWDjd4=
github.com/inconshreveable/mousetrap v1.0.0 h1:Z8tu5sraLXCXIcARxBp/8cbvlwVa7Z1NHg9XEKhtSvM=
github.com/inconshreveable/mousetrap v1.0.0/go.mod h1:PxqpIevigyE2G7u3NXJIT2ANytuPF1OarO4DADm73n8=
github.com/spf13/cobra v0.0.0-20180228053838-6644d46b81fa h1:w+PYzMV4Hrxj0nSHUxY881YFte8hst14ZZ0ZNL3mlEA=
github.com/spf13/cobra v0.0.0-20180228053838-6644d46b81fa/go.mod h1:1l0Ry5zgKvJasoi3XT1TypsSe7PqH0Sj9dhYf7v3XqQ=
github.com/spf13/pflag v1.0.0 h1:oaPbdDe/x0UncahuwiPxW1GYJyilRAdsPnq3e1yaPcI=
github.com/spf13/pflag v1.0.0/go.mod h1:DYY7MBk1bdzusC3SYhjObp+wFpr4gzcvqqNjLnInEg4=
golang.org/x/crypto v0.0.0-20170209233901-453249f01cfe h1:uSczOUTEw513p4N5SoJC1T8jTNx/T/2oj6pO5qhRgSM=
golang.org/x/crypto v0.0.0-20170209233901-453249f01cfe/go.mod h1:6SG95UA2DQfeDnfUPMdvaQW0Q7yPrPDi9nlGo2tz2b4=
golang.org/x/net v0.0.0-20180824152047-4bcd98cce591 h1:4S2XUgvg3hUNTvxI307qkFPb9zKHG3Nf9TXFzX/DZZI=
golang.org/x/net v0.0.0-20180824152047-4bcd98cce591/go.mod h1:mL1N/T3taQHkDXs73rZJwtUhF3w3ftmwwsq0BUmARs4=
golang.org/x/sync v0.0.0-20180314180146-1d60e4601c6f h1:wMNYb4v58l5UBM7MYRLPG6ZhfOqbKu7X5eyFl8ZhKvA=
golang.org/x/sync v0.0.0-20180314180146-1d60e4601c6f/go.mod h1:RxMgew5VJxzue5/jJTE5uejpjVlOe/izrB70Jof72aM=
golang.org/x/sys v0.0.0-20170308153327-99f16d856c98 h1:U3NsAsR1IG0Aet3Z+IToBDWbPoJ7hjwgDpqqch4APkU=
golang.org/x/sys v0.0.0-20170308153327-99f16d856c98/go.mod h1:STP8DvDyc/dI5b8T5hshtkjS+E42TnysNCUPdjciGhY=
jba.io/go/auth v0.0.0-20180707041403-e80392a6aae7 h1:HeF3yKvMLARjGHycgmXA4KB64IIuALRb0xszGjsDteY=
jba.io/go/auth v0.0.0-20180707041403-e80392a6aae7/go.mod h1:lEASuJjP1ITaSma2ciZSzcC4CwWzQ9Dnz7rPk3uHK+0=
