# This file is autogenerated, do not edit; changes may be undone by the next 'dep ensure'.


[[projects]]
  branch = "master"
  name = "github.com/boltdb/bolt"
  packages = ["."]
  revision = "9da31745363232bc1e27dbab3569e77383a51585"

[[projects]]
  name = "github.com/gorilla/context"
  packages = ["."]
  revision = "08b5f424b9271eedf6f9f0ce86cb9396ed337a42"
  version = "v1.1.1"

[[projects]]
  name = "github.com/gorilla/csrf"
  packages = ["."]
  revision = "69581736821c33d85bbf378f42f6ad864dbd85de"
  version = "v1.5"

[[projects]]
  branch = "master"
  name = "github.com/gorilla/securecookie"
  packages = ["."]
  revision = "e59506cc896acb7f7bf732d4fdf5e25f7ccd8983"

[[projects]]
  name = "github.com/inconshreveable/mousetrap"
  packages = ["."]
  revision = "76626ae9c91c4f2a10f34cad8ce83ea42c93bb75"
  version = "v1.0"

[[projects]]
  name = "github.com/pkg/errors"
  packages = ["."]
  revision = "645ef00459ed84a119197bfb8d8205042c6df63d"
  version = "v0.8.0"

[[projects]]
  branch = "master"
  name = "github.com/spf13/cobra"
  packages = ["."]
  revision = "6644d46b81fa1831979c4cded0106e774e0ef0ab"

[[projects]]
  name = "github.com/spf13/pflag"
  packages = ["."]
  revision = "e57e3eeb33f795204c1ca35f56c44f83227c6e66"
  version = "v1.0.0"

[[projects]]
  name = "golang.org/x/crypto"
  packages = [
    "bcrypt",
    "blowfish"
  ]
  revision = "453249f01cfeb54c3d549ddb75ff152ca243f9d8"

[[projects]]
  name = "golang.org/x/sys"
  packages = ["unix"]
  revision = "99f16d856c9836c42d24e7ab64ea72916925fa97"

[solve-meta]
  analyzer-name = "dep"
  analyzer-version = 1
  inputs-digest = "c16626b4d9451edead660df832cbc3bf0ab3d2ea9d6606f00c41d6f4f08c5dfc"
  solver-name = "gps-cdcl"
  solver-version = 1
